
Microsoft Visual Studio Solution File, Format Version 12.00
# Visual Studio Version 17
VisualStudioVersion = 17.1.32210.238
MinimumVisualStudioVersion = 10.0.40219.1
Project("{FAE04EC0-301F-11D3-BF4B-00C04F79EFBC}") = "ThesisManagement07", "ThesisManagement07\ThesisManagement07.csproj", "{D881E870-FC61-4A43-9A56-7E89BE2AB23F}"
EndProject
Global
	GlobalSection(SolutionConfigurationPlatforms) = preSolution
		Debug|Any CPU = Debug|Any CPU
		Release|Any CPU = Release|Any CPU
	EndGlobalSection
	GlobalSection(ProjectConfigurationPlatforms) = postSolution
		{D881E870-FC61-4A43-9A56-7E89BE2AB23F}.Debug|Any CPU.ActiveCfg = Debug|Any CPU
		{D881E870-FC61-4A43-9A56-7E89BE2AB23F}.Debug|Any CPU.Build.0 = Debug|Any CPU
		{D881E870-FC61-4A43-9A56-7E89BE2AB23F}.Release|Any CPU.ActiveCfg = Release|Any CPU
		{D881E870-FC61-4A43-9A56-7E89BE2AB23F}.Release|Any CPU.Build.0 = Release|Any CPU
	EndGlobalSection
	GlobalSection(SolutionProperties) = preSolution
		HideSolutionNode = FALSE
	EndGlobalSection
	GlobalSection(ExtensibilityGlobals) = postSolution
		SolutionGuid = {ADAF6CDD-F5D2-420C-BA23-C66738784A6B}
	EndGlobalSection
EndGlobal
